<?xml version="1.0" encoding="utf-8"?>
<Project ToolsVersion="4.0" xmlns="http://schemas.microsoft.com/developer/msbuild/2003">
  <ItemGroup>
    <Filter Include="소스 파일">
      <UniqueIdentifier>{4FC737F1-C7A5-4376-A066-2A32D752A2FF}</UniqueIdentifier>
      <Extensions>cpp;c;cc;cxx;def;odl;idl;hpj;bat;asm;asmx</Extensions>
    </Filter>
    <Filter Include="헤더 파일">
      <UniqueIdentifier>{93995380-89BD-4b04-88EB-625FBE52EBFB}</UniqueIdentifier>
      <Extensions>h;hh;hpp;hxx;hm;inl;inc;ipp;xsd</Extensions>
    </Filter>
    <Filter Include="리소스 파일">
      <UniqueIdentifier>{67DA6AB6-F800-4c08-8B7A-83BB121AAD01}</UniqueIdentifier>
      <Extensions>rc;ico;cur;bmp;dlg;rc2;rct;bin;rgs;gif;jpg;jpeg;jpe;resx;tiff;tif;png;wav;mfcribbon-ms</Extensions>
    </Filter>
    <Filter Include="소스 파일\DataStructure">
      <UniqueIdentifier>{0f824dd5-e107-499d-942c-c4aace05b9d9}</UniqueIdentifier>
    </Filter>
    <Filter Include="소스 파일\BOJ">
      <UniqueIdentifier>{833923c1-a61f-4c48-953b-3886112590e9}</UniqueIdentifier>
    </Filter>
    <Filter Include="소스 파일\NYPC2019">
      <UniqueIdentifier>{89fc48a9-fbb6-4073-876f-b892d6c49b35}</UniqueIdentifier>
    </Filter>
    <Filter Include="소스 파일\BOJ\다 못풀음">
      <UniqueIdentifier>{7794f46e-ceda-4f87-b85c-b20638364b25}</UniqueIdentifier>
    </Filter>
  </ItemGroup>
  <ItemGroup>
    <ClCompile Include="DFS.cpp">
      <Filter>소스 파일\DataStructure</Filter>
    </ClCompile>
    <ClCompile Include="홀수.c">
      <Filter>소스 파일\BOJ</Filter>
    </ClCompile>
    <ClCompile Include="검증수.c">
      <Filter>소스 파일\BOJ</Filter>
    </ClCompile>
    <ClCompile Include="과자.c">
      <Filter>소스 파일\BOJ</Filter>
    </ClCompile>
    <ClCompile Include="그릇.c">
      <Filter>소스 파일\BOJ</Filter>
    </ClCompile>
    <ClCompile Include="나는 학급회장이다.(투표).c">
      <Filter>소스 파일\BOJ</Filter>
    </ClCompile>
    <ClCompile Include="대표값2.c">
      <Filter>소스 파일\BOJ</Filter>
    </ClCompile>
    <ClCompile Include="덩치.c">
      <Filter>소스 파일\BOJ</Filter>
    </ClCompile>
    <ClCompile Include="떡 먹는 호랑이.c">
      <Filter>소스 파일\BOJ</Filter>
    </ClCompile>
    <ClCompile Include="백성공주와 난쟁이.c">
      <Filter>소스 파일\BOJ</Filter>
    </ClCompile>
    <ClCompile Include="세로읽기.c">
      <Filter>소스 파일\BOJ</Filter>
    </ClCompile>
    <ClCompile Include="수강신청.cpp">
      <Filter>소스 파일\BOJ</Filter>
    </ClCompile>
    <ClCompile Include="수열.c">
      <Filter>소스 파일\BOJ</Filter>
    </ClCompile>
    <ClCompile Include="싸이클.c">
      <Filter>소스 파일\BOJ</Filter>
    </ClCompile>
    <ClCompile Include="약수구하기.c">
      <Filter>소스 파일\BOJ</Filter>
    </ClCompile>
    <ClCompile Include="오븐시계.c">
      <Filter>소스 파일\BOJ</Filter>
    </ClCompile>
    <ClCompile Include="윷놀이.c">
      <Filter>소스 파일\BOJ</Filter>
    </ClCompile>
    <ClCompile Include="자리배정.c">
      <Filter>소스 파일\BOJ</Filter>
    </ClCompile>
    <ClCompile Include="주사위 게임.c">
      <Filter>소스 파일\BOJ</Filter>
    </ClCompile>
    <ClCompile Include="지능형기차.c">
      <Filter>소스 파일\BOJ</Filter>
    </ClCompile>
    <ClCompile Include="최대값.c">
      <Filter>소스 파일\BOJ</Filter>
    </ClCompile>
    <ClCompile Include="10부제.c">
      <Filter>소스 파일\BOJ</Filter>
    </ClCompile>
    <ClCompile Include="43.c">
      <Filter>소스 파일</Filter>
    </ClCompile>
    <ClCompile Include="49.c">
      <Filter>소스 파일</Filter>
    </ClCompile>
    <ClCompile Include="50.c">
      <Filter>소스 파일</Filter>
    </ClCompile>
    <ClCompile Include="51.c">
      <Filter>소스 파일</Filter>
    </ClCompile>
    <ClCompile Include="52.c">
      <Filter>소스 파일</Filter>
    </ClCompile>
    <ClCompile Include="54.c">
      <Filter>소스 파일</Filter>
    </ClCompile>
    <ClCompile Include="55.c">
      <Filter>소스 파일</Filter>
    </ClCompile>
    <ClCompile Include="56.c">
      <Filter>소스 파일</Filter>
    </ClCompile>
    <ClCompile Include="57.c">
      <Filter>소스 파일</Filter>
    </ClCompile>
    <ClCompile Include="58.c">
      <Filter>소스 파일</Filter>
    </ClCompile>
    <ClCompile Include="59.c">
      <Filter>소스 파일</Filter>
    </ClCompile>
    <ClCompile Include="60.c">
      <Filter>소스 파일</Filter>
    </ClCompile>
    <ClCompile Include="1003.cpp">
      <Filter>소스 파일\BOJ</Filter>
    </ClCompile>
    <ClCompile Include="369 게임-x.cpp">
      <Filter>소스 파일\BOJ</Filter>
    </ClCompile>
    <ClCompile Include="요리 제작.cpp">
      <Filter>소스 파일\NYPC2019</Filter>
    </ClCompile>
    <ClCompile Include="달팽이게임.cpp">
      <Filter>소스 파일\NYPC2019</Filter>
    </ClCompile>
    <ClCompile Include="최대 HP.cpp">
      <Filter>소스 파일\NYPC2019</Filter>
    </ClCompile>
    <ClCompile Include="ID확인.cpp">
      <Filter>소스 파일\NYPC2019</Filter>
    </ClCompile>
    <ClCompile Include="트리의 높이와 너비.cpp">
      <Filter>소스 파일\BOJ</Filter>
    </ClCompile>
    <ClCompile Include="N-Queen.cpp">
      <Filter>소스 파일\BOJ</Filter>
    </ClCompile>
    <ClCompile Include="가장 긴 증가하는 부분 수열.cpp">
      <Filter>소스 파일\BOJ\다 못풀음</Filter>
    </ClCompile>
    <ClCompile Include="1965 상자넣기.cpp">
      <Filter>소스 파일\BOJ</Filter>
    </ClCompile>
    <ClCompile Include="7576 토마토.cpp">
      <Filter>소스 파일\BOJ</Filter>
    </ClCompile>
    <ClCompile Include="17826 나의 학점은.cpp">
      <Filter>소스 파일\BOJ</Filter>
    </ClCompile>
    <ClCompile Include="17836 공주님을 구해라.cpp">
      <Filter>소스 파일\BOJ</Filter>
    </ClCompile>
    <ClCompile Include="10828 스택.cpp">
      <Filter>소스 파일\BOJ</Filter>
    </ClCompile>
    <ClCompile Include="9012 괄호.cpp">
      <Filter>소스 파일\BOJ</Filter>
    </ClCompile>
    <ClCompile Include="10845 큐.cpp">
      <Filter>소스 파일\BOJ</Filter>
    </ClCompile>
    <ClCompile Include="1158 요세푸스 문제.cpp">
      <Filter>소스 파일\BOJ</Filter>
    </ClCompile>
    <ClCompile Include="10866 덱.cpp">
      <Filter>소스 파일\BOJ</Filter>
    </ClCompile>
  </ItemGroup>
  <ItemGroup>
    <Text Include="input.txt">
      <Filter>리소스 파일</Filter>
    </Text>
    <Text Include="output.txt">
      <Filter>리소스 파일</Filter>
    </Text>
  </ItemGroup>
</Project>